
Microsoft Visual Studio Solution File, Format Version 12.00
# Visual Studio Version 16
VisualStudioVersion = 16.0.30907.101
MinimumVisualStudioVersion = 10.0.40219.1
Project("{FAE04EC0-301F-11D3-BF4B-00C04F79EFBC}") = "Teller", "Teller\Teller.csproj", "{69070F9B-1995-428C-8B63-231D35A6070A}"
EndProject
Global
	GlobalSection(SolutionConfigurationPlatforms) = preSolution
		Debug|Any CPU = Debug|Any CPU
		Release|Any CPU = Release|Any CPU
	EndGlobalSection
	GlobalSection(ProjectConfigurationPlatforms) = postSolution
		{69070F9B-1995-428C-8B63-231D35A6070A}.Debug|Any CPU.ActiveCfg = Debug|Any CPU
		{69070F9B-1995-428C-8B63-231D35A6070A}.Debug|Any CPU.Build.0 = Debug|Any CPU
		{69070F9B-1995-428C-8B63-231D35A6070A}.Release|Any CPU.ActiveCfg = Release|Any CPU
		{69070F9B-1995-428C-8B63-231D35A6070A}.Release|Any CPU.Build.0 = Release|Any CPU
	EndGlobalSection
	GlobalSection(SolutionProperties) = preSolution
		HideSolutionNode = FALSE
	EndGlobalSection
	GlobalSection(ExtensibilityGlobals) = postSolution
		SolutionGuid = {3DAF61A6-2217-46C9-A5DF-7A6A18DA9732}
	EndGlobalSection
EndGlobal
